
Microsoft Visual Studio Solution File, Format Version 12.00
# Visual Studio Version 17
VisualStudioVersion = 17.3.32825.248
MinimumVisualStudioVersion = 10.0.40219.1
Project("{FAE04EC0-301F-11D3-BF4B-00C04F79EFBC}") = "Project", "Project\Project.csproj", "{BBE0EBDD-EB3E-4FDE-BD79-0AD5C493F3EE}"
EndProject
Global
	GlobalSection(SolutionConfigurationPlatforms) = preSolution
		Debug|Any CPU = Debug|Any CPU
		Release|Any CPU = Release|Any CPU
	EndGlobalSection
	GlobalSection(ProjectConfigurationPlatforms) = postSolution
		{BBE0EBDD-EB3E-4FDE-BD79-0AD5C493F3EE}.Debug|Any CPU.ActiveCfg = Debug|Any CPU
		{BBE0EBDD-EB3E-4FDE-BD79-0AD5C493F3EE}.Debug|Any CPU.Build.0 = Debug|Any CPU
		{BBE0EBDD-EB3E-4FDE-BD79-0AD5C493F3EE}.Release|Any CPU.ActiveCfg = Release|Any CPU
		{BBE0EBDD-EB3E-4FDE-BD79-0AD5C493F3EE}.Release|Any CPU.Build.0 = Release|Any CPU
	EndGlobalSection
	GlobalSection(SolutionProperties) = preSolution
		HideSolutionNode = FALSE
	EndGlobalSection
	GlobalSection(ExtensibilityGlobals) = postSolution
		SolutionGuid = {B0AEE6C5-2D57-4450-81F4-BFFF96E6E342}
	EndGlobalSection
EndGlobal
